
Microsoft Visual Studio Solution File, Format Version 12.00
# Visual Studio 14
VisualStudioVersion = 14.0.25123.0
MinimumVisualStudioVersion = 10.0.40219.1
Project("{82765DC9-F7C4-44C8-97D2-0B66FE175BD4}") = "Sitecore.Support.126992", "Sitecore.Support.126992\Sitecore.Support.126992.csproj", "{3172001D-72D9-4385-A8FC-0B8F335D8ED7}"
EndProject
Global
	GlobalSection(SolutionConfigurationPlatforms) = preSolution
		Debug|Any CPU = Debug|Any CPU
		Release|Any CPU = Release|Any CPU
	EndGlobalSection
	GlobalSection(ProjectConfigurationPlatforms) = postSolution
		{3172001D-72D9-4385-A8FC-0B8F335D8ED7}.Debug|Any CPU.ActiveCfg = Debug|Any CPU
		{3172001D-72D9-4385-A8FC-0B8F335D8ED7}.Debug|Any CPU.Build.0 = Debug|Any CPU
		{3172001D-72D9-4385-A8FC-0B8F335D8ED7}.Release|Any CPU.ActiveCfg = Release|Any CPU
		{3172001D-72D9-4385-A8FC-0B8F335D8ED7}.Release|Any CPU.Build.0 = Release|Any CPU
	EndGlobalSection
	GlobalSection(SolutionProperties) = preSolution
		HideSolutionNode = FALSE
	EndGlobalSection
EndGlobal
